
Microsoft Visual Studio Solution File, Format Version 12.00
# Visual Studio Version 17
VisualStudioVersion = 17.12.35527.113
MinimumVisualStudioVersion = 10.0.40219.1
Project("{FAE04EC0-301F-11D3-BF4B-00C04F79EFBC}") = "Tunggul_Abdul_Majid_242410102058", "sebuah konstruktor\Tunggul_Abdul_Majid_242410102058.csproj", "{6FBCAF04-E0F1-41B0-BED1-F15E3C6E35C3}"
EndProject
Global
	GlobalSection(SolutionConfigurationPlatforms) = preSolution
		Debug|Any CPU = Debug|Any CPU
		Release|Any CPU = Release|Any CPU
	EndGlobalSection
	GlobalSection(ProjectConfigurationPlatforms) = postSolution
		{6FBCAF04-E0F1-41B0-BED1-F15E3C6E35C3}.Debug|Any CPU.ActiveCfg = Debug|Any CPU
		{6FBCAF04-E0F1-41B0-BED1-F15E3C6E35C3}.Debug|Any CPU.Build.0 = Debug|Any CPU
		{6FBCAF04-E0F1-41B0-BED1-F15E3C6E35C3}.Release|Any CPU.ActiveCfg = Release|Any CPU
		{6FBCAF04-E0F1-41B0-BED1-F15E3C6E35C3}.Release|Any CPU.Build.0 = Release|Any CPU
	EndGlobalSection
	GlobalSection(SolutionProperties) = preSolution
		HideSolutionNode = FALSE
	EndGlobalSection
EndGlobal
